
Microsoft Visual Studio Solution File, Format Version 12.00
# Visual Studio 2015
Project("{FAE04EC0-301F-11D3-BF4B-00C04F79EFBC}") = "ADAS_Tester.Plugins", "ADAS_Tester.Plugins.csproj", "{ADFFCF21-4390-3E44-BE4C-CA0EACB6D08D}"
EndProject
Project("{FAE04EC0-301F-11D3-BF4B-00C04F79EFBC}") = "ADAS_Tester", "ADAS_Tester.csproj", "{F6EF7857-EF84-74C0-4A87-88EDD85711FC}"
EndProject
Project("{FAE04EC0-301F-11D3-BF4B-00C04F79EFBC}") = "ADAS_Tester.Editor.Plugins", "ADAS_Tester.Editor.Plugins.csproj", "{69648509-5F6F-EA05-BDEC-4B7350B64CEB}"
EndProject
Project("{FAE04EC0-301F-11D3-BF4B-00C04F79EFBC}") = "ADAS_Tester.Editor", "ADAS_Tester.Editor.csproj", "{30435986-185C-3772-9A52-3BEB67D88D59}"
EndProject
Global
	GlobalSection(SolutionConfigurationPlatforms) = preSolution
		Debug|Any CPU = Debug|Any CPU
		Release|Any CPU = Release|Any CPU
	EndGlobalSection
	GlobalSection(ProjectConfigurationPlatforms) = postSolution
		{ADFFCF21-4390-3E44-BE4C-CA0EACB6D08D}.Debug|Any CPU.ActiveCfg = Debug|Any CPU
		{ADFFCF21-4390-3E44-BE4C-CA0EACB6D08D}.Debug|Any CPU.Build.0 = Debug|Any CPU
		{ADFFCF21-4390-3E44-BE4C-CA0EACB6D08D}.Release|Any CPU.ActiveCfg = Release|Any CPU
		{ADFFCF21-4390-3E44-BE4C-CA0EACB6D08D}.Release|Any CPU.Build.0 = Release|Any CPU
		{F6EF7857-EF84-74C0-4A87-88EDD85711FC}.Debug|Any CPU.ActiveCfg = Debug|Any CPU
		{F6EF7857-EF84-74C0-4A87-88EDD85711FC}.Debug|Any CPU.Build.0 = Debug|Any CPU
		{F6EF7857-EF84-74C0-4A87-88EDD85711FC}.Release|Any CPU.ActiveCfg = Release|Any CPU
		{F6EF7857-EF84-74C0-4A87-88EDD85711FC}.Release|Any CPU.Build.0 = Release|Any CPU
		{69648509-5F6F-EA05-BDEC-4B7350B64CEB}.Debug|Any CPU.ActiveCfg = Debug|Any CPU
		{69648509-5F6F-EA05-BDEC-4B7350B64CEB}.Debug|Any CPU.Build.0 = Debug|Any CPU
		{69648509-5F6F-EA05-BDEC-4B7350B64CEB}.Release|Any CPU.ActiveCfg = Release|Any CPU
		{69648509-5F6F-EA05-BDEC-4B7350B64CEB}.Release|Any CPU.Build.0 = Release|Any CPU
		{30435986-185C-3772-9A52-3BEB67D88D59}.Debug|Any CPU.ActiveCfg = Debug|Any CPU
		{30435986-185C-3772-9A52-3BEB67D88D59}.Debug|Any CPU.Build.0 = Debug|Any CPU
		{30435986-185C-3772-9A52-3BEB67D88D59}.Release|Any CPU.ActiveCfg = Release|Any CPU
		{30435986-185C-3772-9A52-3BEB67D88D59}.Release|Any CPU.Build.0 = Release|Any CPU
	EndGlobalSection
	GlobalSection(SolutionProperties) = preSolution
		HideSolutionNode = FALSE
	EndGlobalSection
EndGlobal
